
Microsoft Visual Studio Solution File, Format Version 12.00
Project("{FAE04EC0-301F-11D3-BF4B-00C04F79EFBC}") = "LAB4", "LAB4\LAB4.csproj", "{622C51FF-BF2C-4F02-9C04-965CB7AB6FF1}"
EndProject
Project("{FAE04EC0-301F-11D3-BF4B-00C04F79EFBC}") = "CassandraPosts", "CassandraPosts\CassandraPosts.csproj", "{9320BE65-7867-482E-987A-A6ED6B3CF450}"
EndProject
Global
	GlobalSection(SolutionConfigurationPlatforms) = preSolution
		Debug|Any CPU = Debug|Any CPU
		Release|Any CPU = Release|Any CPU
	EndGlobalSection
	GlobalSection(ProjectConfigurationPlatforms) = postSolution
		{622C51FF-BF2C-4F02-9C04-965CB7AB6FF1}.Debug|Any CPU.ActiveCfg = Debug|Any CPU
		{622C51FF-BF2C-4F02-9C04-965CB7AB6FF1}.Debug|Any CPU.Build.0 = Debug|Any CPU
		{622C51FF-BF2C-4F02-9C04-965CB7AB6FF1}.Release|Any CPU.ActiveCfg = Release|Any CPU
		{622C51FF-BF2C-4F02-9C04-965CB7AB6FF1}.Release|Any CPU.Build.0 = Release|Any CPU
		{9320BE65-7867-482E-987A-A6ED6B3CF450}.Debug|Any CPU.ActiveCfg = Debug|Any CPU
		{9320BE65-7867-482E-987A-A6ED6B3CF450}.Debug|Any CPU.Build.0 = Debug|Any CPU
		{9320BE65-7867-482E-987A-A6ED6B3CF450}.Release|Any CPU.ActiveCfg = Release|Any CPU
		{9320BE65-7867-482E-987A-A6ED6B3CF450}.Release|Any CPU.Build.0 = Release|Any CPU
	EndGlobalSection
EndGlobal
