
Microsoft Visual Studio Solution File, Format Version 12.00
Project("{FAE04EC0-301F-11D3-BF4B-00C04F79EFBC}") = "CassandraPosts", "CassandraPosts.csproj", "{AB0AEBE8-496D-4DB5-BA55-C8468319E3AC}"
EndProject
Global
	GlobalSection(SolutionConfigurationPlatforms) = preSolution
		Debug|Any CPU = Debug|Any CPU
		Release|Any CPU = Release|Any CPU
	EndGlobalSection
	GlobalSection(ProjectConfigurationPlatforms) = postSolution
		{AB0AEBE8-496D-4DB5-BA55-C8468319E3AC}.Debug|Any CPU.ActiveCfg = Debug|Any CPU
		{AB0AEBE8-496D-4DB5-BA55-C8468319E3AC}.Debug|Any CPU.Build.0 = Debug|Any CPU
		{AB0AEBE8-496D-4DB5-BA55-C8468319E3AC}.Release|Any CPU.ActiveCfg = Release|Any CPU
		{AB0AEBE8-496D-4DB5-BA55-C8468319E3AC}.Release|Any CPU.Build.0 = Release|Any CPU
	EndGlobalSection
EndGlobal
